
Microsoft Visual Studio Solution File, Format Version 12.00
# Visual Studio Version 17
VisualStudioVersion = 17.5.33516.290
MinimumVisualStudioVersion = 10.0.40219.1
Project("{9A19103F-16F7-4668-BE54-9A1E7A4F7556}") = "3ilApi", "3ilApi.csproj", "{1A3DFB50-28C1-496F-B4C1-2B6306084E60}"
EndProject
Project("{FAE04EC0-301F-11D3-BF4B-00C04F79EFBC}") = "WebApplication3il", "..\WebApplication3il\WebApplication3il.csproj", "{A4C43442-E29A-4745-A8F2-6AABF8123C28}"
EndProject
Global
	GlobalSection(SolutionConfigurationPlatforms) = preSolution
		Debug|Any CPU = Debug|Any CPU
		Release|Any CPU = Release|Any CPU
	EndGlobalSection
	GlobalSection(ProjectConfigurationPlatforms) = postSolution
		{1A3DFB50-28C1-496F-B4C1-2B6306084E60}.Debug|Any CPU.ActiveCfg = Debug|Any CPU
		{1A3DFB50-28C1-496F-B4C1-2B6306084E60}.Debug|Any CPU.Build.0 = Debug|Any CPU
		{1A3DFB50-28C1-496F-B4C1-2B6306084E60}.Release|Any CPU.ActiveCfg = Release|Any CPU
		{1A3DFB50-28C1-496F-B4C1-2B6306084E60}.Release|Any CPU.Build.0 = Release|Any CPU
		{A4C43442-E29A-4745-A8F2-6AABF8123C28}.Debug|Any CPU.ActiveCfg = Debug|Any CPU
		{A4C43442-E29A-4745-A8F2-6AABF8123C28}.Debug|Any CPU.Build.0 = Debug|Any CPU
		{A4C43442-E29A-4745-A8F2-6AABF8123C28}.Release|Any CPU.ActiveCfg = Release|Any CPU
		{A4C43442-E29A-4745-A8F2-6AABF8123C28}.Release|Any CPU.Build.0 = Release|Any CPU
	EndGlobalSection
	GlobalSection(SolutionProperties) = preSolution
		HideSolutionNode = FALSE
	EndGlobalSection
	GlobalSection(ExtensibilityGlobals) = postSolution
		SolutionGuid = {3E304D92-FA14-44B7-A03F-E39999A5D2D1}
	EndGlobalSection
EndGlobal
